
Microsoft Visual Studio Solution File, Format Version 12.00
# Visual Studio Version 16
VisualStudioVersion = 16.0.30225.117
MinimumVisualStudioVersion = 10.0.40219.1
Project("{FAE04EC0-301F-11D3-BF4B-00C04F79EFBC}") = "IMSPM", "IMSPM\IMSPM.csproj", "{40AF66F1-A4FC-41A0-B785-03BDD6C240E7}"
EndProject
Global
	GlobalSection(SolutionConfigurationPlatforms) = preSolution
		Debug|Any CPU = Debug|Any CPU
		Release|Any CPU = Release|Any CPU
	EndGlobalSection
	GlobalSection(ProjectConfigurationPlatforms) = postSolution
		{40AF66F1-A4FC-41A0-B785-03BDD6C240E7}.Debug|Any CPU.ActiveCfg = Debug|Any CPU
		{40AF66F1-A4FC-41A0-B785-03BDD6C240E7}.Debug|Any CPU.Build.0 = Debug|Any CPU
		{40AF66F1-A4FC-41A0-B785-03BDD6C240E7}.Release|Any CPU.ActiveCfg = Release|Any CPU
		{40AF66F1-A4FC-41A0-B785-03BDD6C240E7}.Release|Any CPU.Build.0 = Release|Any CPU
	EndGlobalSection
	GlobalSection(SolutionProperties) = preSolution
		HideSolutionNode = FALSE
	EndGlobalSection
	GlobalSection(ExtensibilityGlobals) = postSolution
		SolutionGuid = {1674C803-E3F3-40D5-B51F-52810EF5AD53}
	EndGlobalSection
EndGlobal
